
Microsoft Visual Studio Solution File, Format Version 12.00
# Visual Studio Version 16
VisualStudioVersion = 16.0.29318.209
MinimumVisualStudioVersion = 10.0.40219.1
Project("{9A19103F-16F7-4668-BE54-9A1E7A4F7556}") = "IdentityServer", "IdentityServer\IdentityServer.csproj", "{50368BDD-A40F-456A-9BC5-F8C513D47948}"
EndProject
Project("{9A19103F-16F7-4668-BE54-9A1E7A4F7556}") = "Api", "Api\Api.csproj", "{599E82C4-F031-4BB8-911F-57E06A166BD7}"
EndProject
Project("{FAE04EC0-301F-11D3-BF4B-00C04F79EFBC}") = "JavaScriptClient", "JavaScriptClient\JavaScriptClient.csproj", "{099B057F-9485-46AA-B067-E167855C3468}"
EndProject
Global
	GlobalSection(SolutionConfigurationPlatforms) = preSolution
		Debug|Any CPU = Debug|Any CPU
		Release|Any CPU = Release|Any CPU
	EndGlobalSection
	GlobalSection(ProjectConfigurationPlatforms) = postSolution
		{50368BDD-A40F-456A-9BC5-F8C513D47948}.Debug|Any CPU.ActiveCfg = Debug|Any CPU
		{50368BDD-A40F-456A-9BC5-F8C513D47948}.Debug|Any CPU.Build.0 = Debug|Any CPU
		{50368BDD-A40F-456A-9BC5-F8C513D47948}.Release|Any CPU.ActiveCfg = Release|Any CPU
		{50368BDD-A40F-456A-9BC5-F8C513D47948}.Release|Any CPU.Build.0 = Release|Any CPU
		{599E82C4-F031-4BB8-911F-57E06A166BD7}.Debug|Any CPU.ActiveCfg = Debug|Any CPU
		{599E82C4-F031-4BB8-911F-57E06A166BD7}.Debug|Any CPU.Build.0 = Debug|Any CPU
		{599E82C4-F031-4BB8-911F-57E06A166BD7}.Release|Any CPU.ActiveCfg = Release|Any CPU
		{599E82C4-F031-4BB8-911F-57E06A166BD7}.Release|Any CPU.Build.0 = Release|Any CPU
		{099B057F-9485-46AA-B067-E167855C3468}.Debug|Any CPU.ActiveCfg = Debug|Any CPU
		{099B057F-9485-46AA-B067-E167855C3468}.Debug|Any CPU.Build.0 = Debug|Any CPU
		{099B057F-9485-46AA-B067-E167855C3468}.Release|Any CPU.ActiveCfg = Release|Any CPU
		{099B057F-9485-46AA-B067-E167855C3468}.Release|Any CPU.Build.0 = Release|Any CPU
	EndGlobalSection
	GlobalSection(SolutionProperties) = preSolution
		HideSolutionNode = FALSE
	EndGlobalSection
	GlobalSection(ExtensibilityGlobals) = postSolution
		SolutionGuid = {748FB121-6C2D-494A-9A3A-D33A85DFC643}
	EndGlobalSection
EndGlobal
